
Microsoft Visual Studio Solution File, Format Version 12.00
# Visual Studio Version 16
VisualStudioVersion = 16.0.29001.49
MinimumVisualStudioVersion = 10.0.40219.1
Project("{FAE04EC0-301F-11D3-BF4B-00C04F79EFBC}") = "PRO1_ap1", "PRO1_ap1.csproj", "{9F406F25-59B4-4B9D-BA77-432D9CDFF46C}"
EndProject
Global
	GlobalSection(SolutionConfigurationPlatforms) = preSolution
		Debug|Any CPU = Debug|Any CPU
		Release|Any CPU = Release|Any CPU
	EndGlobalSection
	GlobalSection(ProjectConfigurationPlatforms) = postSolution
		{9F406F25-59B4-4B9D-BA77-432D9CDFF46C}.Debug|Any CPU.ActiveCfg = Debug|Any CPU
		{9F406F25-59B4-4B9D-BA77-432D9CDFF46C}.Debug|Any CPU.Build.0 = Debug|Any CPU
		{9F406F25-59B4-4B9D-BA77-432D9CDFF46C}.Release|Any CPU.ActiveCfg = Release|Any CPU
		{9F406F25-59B4-4B9D-BA77-432D9CDFF46C}.Release|Any CPU.Build.0 = Release|Any CPU
	EndGlobalSection
	GlobalSection(SolutionProperties) = preSolution
		HideSolutionNode = FALSE
	EndGlobalSection
	GlobalSection(ExtensibilityGlobals) = postSolution
		SolutionGuid = {A873D640-9053-4A23-AC30-F420BD8D599F}
	EndGlobalSection
EndGlobal
